<?xml version="1.0" encoding="utf-8"?>
<Project ToolsVersion="4.0" xmlns="http://schemas.microsoft.com/developer/msbuild/2003">
  <ItemGroup>
    <Filter Include="Source Files">
      <UniqueIdentifier>{4FC737F1-C7A5-4376-A066-2A32D752A2FF}</UniqueIdentifier>
      <Extensions>cpp;c;cc;cxx;def;odl;idl;hpj;bat;asm;asmx</Extensions>
    </Filter>
    <Filter Include="Header Files">
      <UniqueIdentifier>{93995380-89BD-4b04-88EB-625FBE52EBFB}</UniqueIdentifier>
      <Extensions>h;hpp;hxx;hm;inl;inc;xsd</Extensions>
    </Filter>
    <Filter Include="Resource Files">
      <UniqueIdentifier>{67DA6AB6-F800-4c08-8B7A-83BB121AAD01}</UniqueIdentifier>
      <Extensions>rc;ico;cur;bmp;dlg;rc2;rct;bin;rgs;gif;jpg;jpeg;jpe;resx;tiff;tif;png;wav;mfcribbon-ms</Extensions>
    </Filter>
    <Filter Include="CUDA Header Files">
      <UniqueIdentifier>{c6d38b56-01e1-44a9-bc6d-fa2084f3b190}</UniqueIdentifier>
      <Extensions>cuh</Extensions>
    </Filter>
    <Filter Include="CUDA Source Files">
      <UniqueIdentifier>{58cf7062-3914-4bd8-99cd-cf59c3572700}</UniqueIdentifier>
      <Extensions>cu</Extensions>
    </Filter>
  </ItemGroup>
  <ItemGroup>
    <ClInclude Include="code\cpp\include\hpcmatrix.h">
      <Filter>Header Files</Filter>
    </ClInclude>
    <ClInclude Include="code\cpp\include\nomenclature.h">
      <Filter>Header Files</Filter>
    </ClInclude>
    <ClInclude Include="code\cpp\include\hpclib_global.h">
      <Filter>Header Files</Filter>
    </ClInclude>
    <ClInclude Include="code\cpp\include\error.h">
      <Filter>Header Files</Filter>
    </ClInclude>
    <ClInclude Include="code\cpp\include\MathFuncsDLL.h">
      <Filter>Header Files</Filter>
    </ClInclude>
  </ItemGroup>
  <ItemGroup>
    <ClCompile Include="code\cpp\src\hpcmatrix.cpp">
      <Filter>Source Files</Filter>
    </ClCompile>
    <ClCompile Include="code\cpp\src\MathFuncsDLL.cpp">
      <Filter>Source Files</Filter>
    </ClCompile>
  </ItemGroup>
  <ItemGroup>
    <None Include="code\cuda\include\cuhpcmatrix.cuh">
      <Filter>CUDA Header Files</Filter>
    </None>
  </ItemGroup>
  <ItemGroup>
    <CudaCompile Include="code\cuda\src\cuhpcmatrix.cu">
      <Filter>CUDA Source Files</Filter>
    </CudaCompile>
  </ItemGroup>
</Project>